
Microsoft Visual Studio Solution File, Format Version 12.00
# Visual Studio Version 17
VisualStudioVersion = 17.10.35013.160
MinimumVisualStudioVersion = 10.0.40219.1
Project("{9A19103F-16F7-4668-BE54-9A1E7A4F7556}") = "Root Folder", "Root Folder\Root Folder.csproj", "{B378E1E0-668E-451B-A733-3381DBF9C80B}"
EndProject
Global
	GlobalSection(SolutionConfigurationPlatforms) = preSolution
		Debug|Any CPU = Debug|Any CPU
		Release|Any CPU = Release|Any CPU
	EndGlobalSection
	GlobalSection(ProjectConfigurationPlatforms) = postSolution
		{B378E1E0-668E-451B-A733-3381DBF9C80B}.Debug|Any CPU.ActiveCfg = Debug|Any CPU
		{B378E1E0-668E-451B-A733-3381DBF9C80B}.Debug|Any CPU.Build.0 = Debug|Any CPU
		{B378E1E0-668E-451B-A733-3381DBF9C80B}.Release|Any CPU.ActiveCfg = Release|Any CPU
		{B378E1E0-668E-451B-A733-3381DBF9C80B}.Release|Any CPU.Build.0 = Release|Any CPU
	EndGlobalSection
	GlobalSection(SolutionProperties) = preSolution
		HideSolutionNode = FALSE
	EndGlobalSection
	GlobalSection(ExtensibilityGlobals) = postSolution
		SolutionGuid = {0AB75B4E-545A-48DC-BBDE-2BA7A1D18254}
	EndGlobalSection
EndGlobal
